{
  "name": "DM+",
  "version": "7.0.1",
  "lockfileVersion": 1,
  "requires": true,
  "dependencies": {
    "total.js": {
      "version": "3.2.4",
      "resolved": "https://registry.npmjs.org/total.js/-/total.js-3.2.4.tgz",
      "integrity": "sha512-QiEcGYQm24VRVpBJuTTubEZK1wIUxJ7TxkcqT4koh5zzRbXXDBUIsxQxMDrceIcMIkZbSjYAQAxu6Bd5rkqL4g=="
    }
  }
}
