{
  "name": "dmark",
  "version": "7.0.1",
  "lockfileVersion": 1,
  "requires": true,
  "dependencies": {
    "total.js": {
      "version": "3.3.0-13",
      "resolved": "https://registry.npmjs.org/total.js/-/total.js-3.3.0-13.tgz",
      "integrity": "sha512-nGUTjwkI71tE5G4W4wOwqBKN8IDYjDdposhRXo7jKvQrU7EAD50YlwecBaXG9KKZdy83afaHE7eIOEGZfzWfAQ=="
    }
  }
}
