# THIS IS AN AUTOGENERATED FILE. DO NOT EDIT THIS FILE DIRECTLY.
# yarn lockfile v1


total.js@latest:
  version "3.2.4"
  resolved "https://registry.yarnpkg.com/total.js/-/total.js-3.2.4.tgz#656cdec1a804a3cda4cb3b26a65825116a6ba0ba"
  integrity sha512-QiEcGYQm24VRVpBJuTTubEZK1wIUxJ7TxkcqT4koh5zzRbXXDBUIsxQxMDrceIcMIkZbSjYAQAxu6Bd5rkqL4g==
