# THIS IS AN AUTOGENERATED FILE. DO NOT EDIT THIS FILE DIRECTLY.
# yarn lockfile v1


total.js@^3.3.0-13:
  version "3.3.0-13"
  resolved "https://registry.yarnpkg.com/total.js/-/total.js-3.3.0-13.tgz#b40d8ede00d0c51f5315c646d7f63e944d20e3b6"
  integrity sha512-nGUTjwkI71tE5G4W4wOwqBKN8IDYjDdposhRXo7jKvQrU7EAD50YlwecBaXG9KKZdy83afaHE7eIOEGZfzWfAQ==
